// !$*UTF8*$!
{
	archiveVersion = 1;
	classes = {
	};
	objectVersion = 46;
	objects = {

/* Begin PBXBuildFile section */
		DD6457861E81952500A374ED /* AppDelegate.swift in Sources */ = {isa = PBXBuildFile; fileRef = DD6457851E81952500A374ED /* AppDelegate.swift */; };
		DD6457881E81952500A374ED /* LineGraphViewController.swift in Sources */ = {isa = PBXBuildFile; fileRef = DD6457871E81952500A374ED /* LineGraphViewController.swift */; };
		DD64578B1E81952500A374ED /* Main.storyboard in Resources */ = {isa = PBXBuildFile; fileRef = DD6457891E81952500A374ED /* Main.storyboard */; };
		DD64578D1E81952500A374ED /* Assets.xcassets in Resources */ = {isa = PBXBuildFile; fileRef = DD64578C1E81952500A374ED /* Assets.xcassets */; };
		DD6457901E81952500A374ED /* LaunchScreen.storyboard in Resources */ = {isa = PBXBuildFile; fileRef = DD64578E1E81952500A374ED /* LaunchScreen.storyboard */; };
		DD6457981E819A0200A374ED /* CircleView.swift in Sources */ = {isa = PBXBuildFile; fileRef = DD6457971E819A0200A374ED /* CircleView.swift */; };
/* End PBXBuildFile section */

/* Begin PBXFileReference section */
		DD6457821E81952500A374ED /* LineGraph.app */ = {isa = PBXFileReference; explicitFileType = wrapper.application; includeInIndex = 0; path = LineGraph.app; sourceTree = BUILT_PRODUCTS_DIR; };
		DD6457851E81952500A374ED /* AppDelegate.swift */ = {isa = PBXFileReference; lastKnownFileType = sourcecode.swift; path = AppDelegate.swift; sourceTree = "<group>"; };
		DD6457871E81952500A374ED /* LineGraphViewController.swift */ = {isa = PBXFileReference; lastKnownFileType = sourcecode.swift; path = LineGraphViewController.swift; sourceTree = "<group>"; };
		DD64578A1E81952500A374ED /* Base */ = {isa = PBXFileReference; lastKnownFileType = file.storyboard; name = Base; path = Base.lproj/Main.storyboard; sourceTree = "<group>"; };
		DD64578C1E81952500A374ED /* Assets.xcassets */ = {isa = PBXFileReference; lastKnownFileType = folder.assetcatalog; path = Assets.xcassets; sourceTree = "<group>"; };
		DD64578F1E81952500A374ED /* Base */ = {isa = PBXFileReference; lastKnownFileType = file.storyboard; name = Base; path = Base.lproj/LaunchScreen.storyboard; sourceTree = "<group>"; };
		DD6457911E81952500A374ED /* Info.plist */ = {isa = PBXFileReference; lastKnownFileType = text.plist.xml; path = Info.plist; sourceTree = "<group>"; };
		DD6457971E819A0200A374ED /* CircleView.swift */ = {isa = PBXFileReference; fileEncoding = 4; lastKnownFileType = sourcecode.swift; path = CircleView.swift; sourceTree = "<group>"; };
/* End PBXFileReference section */

/* Begin PBXFrameworksBuildPhase section */
		DD64577F1E81952500A374ED /* Frameworks */ = {
			isa = PBXFrameworksBuildPhase;
			buildActionMask = 2147483647;
			files = (
			);
			runOnlyForDeploymentPostprocessing = 0;
		};
/* End PBXFrameworksBuildPhase section */

/* Begin PBXGroup section */
		DD6457791E81952500A374ED = {
			isa = PBXGroup;
			children = (
				DD6457841E81952500A374ED /* LineGraph */,
				DD6457831E81952500A374ED /* Products */,
			);
			sourceTree = "<group>";
		};
		DD6457831E81952500A374ED /* Products */ = {
			isa = PBXGroup;
			children = (
				DD6457821E81952500A374ED /* LineGraph.app */,
			);
			name = Products;
			sourceTree = "<group>";
		};
		DD6457841E81952500A374ED /* LineGraph */ = {
			isa = PBXGroup;
			children = (
				DD6457851E81952500A374ED /* AppDelegate.swift */,
				DD6457971E819A0200A374ED /* CircleView.swift */,
				DD6457871E81952500A374ED /* LineGraphViewController.swift */,
				DD6457891E81952500A374ED /* Main.storyboard */,
				DD64578C1E81952500A374ED /* Assets.xcassets */,
				DD64578E1E81952500A374ED /* LaunchScreen.storyboard */,
				DD6457911E81952500A374ED /* Info.plist */,
			);
			path = LineGraph;
			sourceTree = "<group>";
		};
/* End PBXGroup section */

/* Begin PBXNativeTarget section */
		DD6457811E81952500A374ED /* LineGraph */ = {
			isa = PBXNativeTarget;
			buildConfigurationList = DD6457941E81952500A374ED /* Build configuration list for PBXNativeTarget "LineGraph" */;
			buildPhases = (
				DD64577E1E81952500A374ED /* Sources */,
				DD64577F1E81952500A374ED /* Frameworks */,
				DD6457801E81952500A374ED /* Resources */,
			);
			buildRules = (
			);
			dependencies = (
			);
			name = LineGraph;
			productName = LineGraph;
			productReference = DD6457821E81952500A374ED /* LineGraph.app */;
			productType = "com.apple.product-type.application";
		};
/* End PBXNativeTarget section */

/* Begin PBXProject section */
		DD64577A1E81952500A374ED /* Project object */ = {
			isa = PBXProject;
			attributes = {
				LastSwiftUpdateCheck = 0820;
				LastUpgradeCheck = 0820;
				ORGANIZATIONNAME = Klas;
				TargetAttributes = {
					DD6457811E81952500A374ED = {
						CreatedOnToolsVersion = 8.2.1;
						ProvisioningStyle = Automatic;
					};
				};
			};
			buildConfigurationList = DD64577D1E81952500A374ED /* Build configuration list for PBXProject "LineGraph" */;
			compatibilityVersion = "Xcode 3.2";
			developmentRegion = English;
			hasScannedForEncodings = 0;
			knownRegions = (
				en,
				Base,
			);
			mainGroup = DD6457791E81952500A374ED;
			productRefGroup = DD6457831E81952500A374ED /* Products */;
			projectDirPath = "";
			projectRoot = "";
			targets = (
				DD6457811E81952500A374ED /* LineGraph */,
			);
		};
/* End PBXProject section */

/* Begin PBXResourcesBuildPhase section */
		DD6457801E81952500A374ED /* Resources */ = {
			isa = PBXResourcesBuildPhase;
			buildActionMask = 2147483647;
			files = (
				DD6457901E81952500A374ED /* LaunchScreen.storyboard in Resources */,
				DD64578D1E81952500A374ED /* Assets.xcassets in Resources */,
				DD64578B1E81952500A374ED /* Main.storyboard in Resources */,
			);
			runOnlyForDeploymentPostprocessing = 0;
		};
/* End PBXResourcesBuildPhase section */

/* Begin PBXSourcesBuildPhase section */
		DD64577E1E81952500A374ED /* Sources */ = {
			isa = PBXSourcesBuildPhase;
			buildActionMask = 2147483647;
			files = (
				DD6457981E819A0200A374ED /* CircleView.swift in Sources */,
				DD6457881E81952500A374ED /* LineGraphViewController.swift in Sources */,
				DD6457861E81952500A374ED /* AppDelegate.swift in Sources */,
			);
			runOnlyForDeploymentPostprocessing = 0;
		};
/* End PBXSourcesBuildPhase section */

/* Begin PBXVariantGroup section */
		DD6457891E81952500A374ED /* Main.storyboard */ = {
			isa = PBXVariantGroup;
			children = (
				DD64578A1E81952500A374ED /* Base */,
			);
			name = Main.storyboard;
			sourceTree = "<group>";
		};
		DD64578E1E81952500A374ED /* LaunchScreen.storyboard */ = {
			isa = PBXVariantGroup;
			children = (
				DD64578F1E81952500A374ED /* Base */,
			);
			name = LaunchScreen.storyboard;
			sourceTree = "<group>";
		};
/* End PBXVariantGroup section */

/* Begin XCBuildConfiguration section */
		DD6457921E81952500A374ED /* Debug */ = {
			isa = XCBuildConfiguration;
			buildSettings = {
				ALWAYS_SEARCH_USER_PATHS = NO;
				CLANG_ANALYZER_NONNULL = YES;
				CLANG_CXX_LANGUAGE_STANDARD = "gnu++0x";
				CLANG_CXX_LIBRARY = "libc++";
				CLANG_ENABLE_MODULES = YES;
				CLANG_ENABLE_OBJC_ARC = YES;
				CLANG_WARN_BOOL_CONVERSION = YES;
				CLANG_WARN_CONSTANT_CONVERSION = YES;
				CLANG_WARN_DIRECT_OBJC_ISA_USAGE = YES_ERROR;
				CLANG_WARN_DOCUMENTATION_COMMENTS = YES;
				CLANG_WARN_EMPTY_BODY = YES;
				CLANG_WARN_ENUM_CONVERSION = YES;
				CLANG_WARN_INFINITE_RECURSION = YES;
				CLANG_WARN_INT_CONVERSION = YES;
				CLANG_WARN_OBJC_ROOT_CLASS = YES_ERROR;
				CLANG_WARN_SUSPICIOUS_MOVE = YES;
				CLANG_WARN_UNREACHABLE_CODE = YES;
				CLANG_WARN__DUPLICATE_METHOD_MATCH = YES;
				"CODE_SIGN_IDENTITY[sdk=iphoneos*]" = "iPhone Developer";
				COPY_PHASE_STRIP = NO;
				DEBUG_INFORMATION_FORMAT = dwarf;
				ENABLE_STRICT_OBJC_MSGSEND = YES;
				ENABLE_TESTABILITY = YES;
				GCC_C_LANGUAGE_STANDARD = gnu99;
				GCC_DYNAMIC_NO_PIC = NO;
				GCC_NO_COMMON_BLOCKS = YES;
				GCC_OPTIMIZATION_LEVEL = 0;
				GCC_PREPROCESSOR_DEFINITIONS = (
					"DEBUG=1",
					"$(inherited)",
				);
				GCC_WARN_64_TO_32_BIT_CONVERSION = YES;
				GCC_WARN_ABOUT_RETURN_TYPE = YES_ERROR;
				GCC_WARN_UNDECLARED_SELECTOR = YES;
				GCC_WARN_UNINITIALIZED_AUTOS = YES_AGGRESSIVE;
				GCC_WARN_UNUSED_FUNCTION = YES;
				GCC_WARN_UNUSED_VARIABLE = YES;
				IPHONEOS_DEPLOYMENT_TARGET = 10.2;
				MTL_ENABLE_DEBUG_INFO = YES;
				ONLY_ACTIVE_ARCH = YES;
				SDKROOT = iphoneos;
				SWIFT_ACTIVE_COMPILATION_CONDITIONS = DEBUG;
				SWIFT_OPTIMIZATION_LEVEL = "-Onone";
				TARGETED_DEVICE_FAMILY = "1,2";
			};
			name = Debug;
		};
		DD6457931E81952500A374ED /* Release */ = {
			isa = XCBuildConfiguration;
			buildSettings = {
				ALWAYS_SEARCH_USER_PATHS = NO;
				CLANG_ANALYZER_NONNULL = YES;
				CLANG_CXX_LANGUAGE_STANDARD = "gnu++0x";
				CLANG_CXX_LIBRARY = "libc++";
				CLANG_ENABLE_MODULES = YES;
				CLANG_ENABLE_OBJC_ARC = YES;
				CLANG_WARN_BOOL_CONVERSION = YES;
				CLANG_WARN_CONSTANT_CONVERSION = YES;
				CLANG_WARN_DIRECT_OBJC_ISA_USAGE = YES_ERROR;
				CLANG_WARN_DOCUMENTATION_COMMENTS = YES;
				CLANG_WARN_EMPTY_BODY = YES;
				CLANG_WARN_ENUM_CONVERSION = YES;
				CLANG_WARN_INFINITE_RECURSION = YES;
				CLANG_WARN_INT_CONVERSION = YES;
				CLANG_WARN_OBJC_ROOT_CLASS = YES_ERROR;
				CLANG_WARN_SUSPICIOUS_MOVE = YES;
				CLANG_WARN_UNREACHABLE_CODE = YES;
				CLANG_WARN__DUPLICATE_METHOD_MATCH = YES;
				"CODE_SIGN_IDENTITY[sdk=iphoneos*]" = "iPhone Developer";
				COPY_PHASE_STRIP = NO;
				DEBUG_INFORMATION_FORMAT = "dwarf-with-dsym";
				ENABLE_NS_ASSERTIONS = NO;
				ENABLE_STRICT_OBJC_MSGSEND = YES;
				GCC_C_LANGUAGE_STANDARD = gnu99;
				GCC_NO_COMMON_BLOCKS = YES;
				GCC_WARN_64_TO_32_BIT_CONVERSION = YES;
				GCC_WARN_ABOUT_RETURN_TYPE = YES_ERROR;
				GCC_WARN_UNDECLARED_SELECTOR = YES;
				GCC_WARN_UNINITIALIZED_AUTOS = YES_AGGRESSIVE;
				GCC_WARN_UNUSED_FUNCTION = YES;
				GCC_WARN_UNUSED_VARIABLE = YES;
				IPHONEOS_DEPLOYMENT_TARGET = 10.2;
				MTL_ENABLE_DEBUG_INFO = NO;
				SDKROOT = iphoneos;
				SWIFT_OPTIMIZATION_LEVEL = "-Owholemodule";
				TARGETED_DEVICE_FAMILY = "1,2";
				VALIDATE_PRODUCT = YES;
			};
			name = Release;
		};
		DD6457951E81952500A374ED /* Debug */ = {
			isa = XCBuildConfiguration;
			buildSettings = {
				ASSETCATALOG_COMPILER_APPICON_NAME = AppIcon;
				INFOPLIST_FILE = LineGraph/Info.plist;
				LD_RUNPATH_SEARCH_PATHS = "$(inherited) @executable_path/Frameworks";
				PRODUCT_BUNDLE_IDENTIFIER = Klas.LineGraph;
				PRODUCT_NAME = "$(TARGET_NAME)";
				SWIFT_VERSION = 3.0;
			};
			name = Debug;
		};
		DD6457961E81952500A374ED /* Release */ = {
			isa = XCBuildConfiguration;
			buildSettings = {
				ASSETCATALOG_COMPILER_APPICON_NAME = AppIcon;
				INFOPLIST_FILE = LineGraph/Info.plist;
				LD_RUNPATH_SEARCH_PATHS = "$(inherited) @executable_path/Frameworks";
				PRODUCT_BUNDLE_IDENTIFIER = Klas.LineGraph;
				PRODUCT_NAME = "$(TARGET_NAME)";
				SWIFT_VERSION = 3.0;
			};
			name = Release;
		};
/* End XCBuildConfiguration section */

/* Begin XCConfigurationList section */
		DD64577D1E81952500A374ED /* Build configuration list for PBXProject "LineGraph" */ = {
			isa = XCConfigurationList;
			buildConfigurations = (
				DD6457921E81952500A374ED /* Debug */,
				DD6457931E81952500A374ED /* Release */,
			);
			defaultConfigurationIsVisible = 0;
			defaultConfigurationName = Release;
		};
		DD6457941E81952500A374ED /* Build configuration list for PBXNativeTarget "LineGraph" */ = {
			isa = XCConfigurationList;
			buildConfigurations = (
				DD6457951E81952500A374ED /* Debug */,
				DD6457961E81952500A374ED /* Release */,
			);
			defaultConfigurationIsVisible = 0;
		};
/* End XCConfigurationList section */
	};
	rootObject = DD64577A1E81952500A374ED /* Project object */;
}
